// !$*UTF8*$!
{
	archiveVersion = 1;
	classes = {
	};
	objectVersion = 50;
	objects = {

/* Begin PBXBuildFile section */
		CB3878B1266CC7420095213D /* AppDelegate.swift in Sources */ = {isa = PBXBuildFile; fileRef = CB3878B0266CC7420095213D /* AppDelegate.swift */; };
		CB3878B3266CC7420095213D /* SceneDelegate.swift in Sources */ = {isa = PBXBuildFile; fileRef = CB3878B2266CC7420095213D /* SceneDelegate.swift */; };
		CB3878B5266CC7430095213D /* ViewController.swift in Sources */ = {isa = PBXBuildFile; fileRef = CB3878B4266CC7430095213D /* ViewController.swift */; };
		CB3878B8266CC7430095213D /* Main.storyboard in Resources */ = {isa = PBXBuildFile; fileRef = CB3878B6266CC7430095213D /* Main.storyboard */; };
		CB3878BA266CC7440095213D /* Assets.xcassets in Resources */ = {isa = PBXBuildFile; fileRef = CB3878B9266CC7440095213D /* Assets.xcassets */; };
		CB3878BD266CC7440095213D /* LaunchScreen.storyboard in Resources */ = {isa = PBXBuildFile; fileRef = CB3878BB266CC7440095213D /* LaunchScreen.storyboard */; };
		CB8F1625266DB45500158CAA /* Part2ViewController.swift in Sources */ = {isa = PBXBuildFile; fileRef = CB8F1624266DB45500158CAA /* Part2ViewController.swift */; };
/* End PBXBuildFile section */

/* Begin PBXFileReference section */
		CB3878AD266CC7420095213D /* Swift.BTVN8.2.app */ = {isa = PBXFileReference; explicitFileType = wrapper.application; includeInIndex = 0; path = Swift.BTVN8.2.app; sourceTree = BUILT_PRODUCTS_DIR; };
		CB3878B0266CC7420095213D /* AppDelegate.swift */ = {isa = PBXFileReference; lastKnownFileType = sourcecode.swift; path = AppDelegate.swift; sourceTree = "<group>"; };
		CB3878B2266CC7420095213D /* SceneDelegate.swift */ = {isa = PBXFileReference; lastKnownFileType = sourcecode.swift; path = SceneDelegate.swift; sourceTree = "<group>"; };
		CB3878B4266CC7430095213D /* ViewController.swift */ = {isa = PBXFileReference; lastKnownFileType = sourcecode.swift; path = ViewController.swift; sourceTree = "<group>"; };
		CB3878B7266CC7430095213D /* Base */ = {isa = PBXFileReference; lastKnownFileType = file.storyboard; name = Base; path = Base.lproj/Main.storyboard; sourceTree = "<group>"; };
		CB3878B9266CC7440095213D /* Assets.xcassets */ = {isa = PBXFileReference; lastKnownFileType = folder.assetcatalog; path = Assets.xcassets; sourceTree = "<group>"; };
		CB3878BC266CC7440095213D /* Base */ = {isa = PBXFileReference; lastKnownFileType = file.storyboard; name = Base; path = Base.lproj/LaunchScreen.storyboard; sourceTree = "<group>"; };
		CB3878BE266CC7440095213D /* Info.plist */ = {isa = PBXFileReference; lastKnownFileType = text.plist.xml; path = Info.plist; sourceTree = "<group>"; };
		CB8F1624266DB45500158CAA /* Part2ViewController.swift */ = {isa = PBXFileReference; lastKnownFileType = sourcecode.swift; path = Part2ViewController.swift; sourceTree = "<group>"; };
/* End PBXFileReference section */

/* Begin PBXFrameworksBuildPhase section */
		CB3878AA266CC7420095213D /* Frameworks */ = {
			isa = PBXFrameworksBuildPhase;
			buildActionMask = 2147483647;
			files = (
			);
			runOnlyForDeploymentPostprocessing = 0;
		};
/* End PBXFrameworksBuildPhase section */

/* Begin PBXGroup section */
		CB3878A4266CC7420095213D = {
			isa = PBXGroup;
			children = (
				CB3878AF266CC7420095213D /* Swift.BTVN8.2 */,
				CB3878AE266CC7420095213D /* Products */,
			);
			sourceTree = "<group>";
		};
		CB3878AE266CC7420095213D /* Products */ = {
			isa = PBXGroup;
			children = (
				CB3878AD266CC7420095213D /* Swift.BTVN8.2.app */,
			);
			name = Products;
			sourceTree = "<group>";
		};
		CB3878AF266CC7420095213D /* Swift.BTVN8.2 */ = {
			isa = PBXGroup;
			children = (
				CB3878B0266CC7420095213D /* AppDelegate.swift */,
				CB3878B2266CC7420095213D /* SceneDelegate.swift */,
				CB3878B4266CC7430095213D /* ViewController.swift */,
				CB8F1624266DB45500158CAA /* Part2ViewController.swift */,
				CB3878B6266CC7430095213D /* Main.storyboard */,
				CB3878B9266CC7440095213D /* Assets.xcassets */,
				CB3878BB266CC7440095213D /* LaunchScreen.storyboard */,
				CB3878BE266CC7440095213D /* Info.plist */,
			);
			path = Swift.BTVN8.2;
			sourceTree = "<group>";
		};
/* End PBXGroup section */

/* Begin PBXNativeTarget section */
		CB3878AC266CC7420095213D /* Swift.BTVN8.2 */ = {
			isa = PBXNativeTarget;
			buildConfigurationList = CB3878C1266CC7440095213D /* Build configuration list for PBXNativeTarget "Swift.BTVN8.2" */;
			buildPhases = (
				CB3878A9266CC7420095213D /* Sources */,
				CB3878AA266CC7420095213D /* Frameworks */,
				CB3878AB266CC7420095213D /* Resources */,
			);
			buildRules = (
			);
			dependencies = (
			);
			name = Swift.BTVN8.2;
			productName = Swift.BTVN8.2;
			productReference = CB3878AD266CC7420095213D /* Swift.BTVN8.2.app */;
			productType = "com.apple.product-type.application";
		};
/* End PBXNativeTarget section */

/* Begin PBXProject section */
		CB3878A5266CC7420095213D /* Project object */ = {
			isa = PBXProject;
			attributes = {
				LastSwiftUpdateCheck = 1250;
				LastUpgradeCheck = 1250;
				TargetAttributes = {
					CB3878AC266CC7420095213D = {
						CreatedOnToolsVersion = 12.5;
					};
				};
			};
			buildConfigurationList = CB3878A8266CC7420095213D /* Build configuration list for PBXProject "Swift.BTVN8.2" */;
			compatibilityVersion = "Xcode 9.3";
			developmentRegion = en;
			hasScannedForEncodings = 0;
			knownRegions = (
				en,
				Base,
			);
			mainGroup = CB3878A4266CC7420095213D;
			productRefGroup = CB3878AE266CC7420095213D /* Products */;
			projectDirPath = "";
			projectRoot = "";
			targets = (
				CB3878AC266CC7420095213D /* Swift.BTVN8.2 */,
			);
		};
/* End PBXProject section */

/* Begin PBXResourcesBuildPhase section */
		CB3878AB266CC7420095213D /* Resources */ = {
			isa = PBXResourcesBuildPhase;
			buildActionMask = 2147483647;
			files = (
				CB3878BD266CC7440095213D /* LaunchScreen.storyboard in Resources */,
				CB3878BA266CC7440095213D /* Assets.xcassets in Resources */,
				CB3878B8266CC7430095213D /* Main.storyboard in Resources */,
			);
			runOnlyForDeploymentPostprocessing = 0;
		};
/* End PBXResourcesBuildPhase section */

/* Begin PBXSourcesBuildPhase section */
		CB3878A9266CC7420095213D /* Sources */ = {
			isa = PBXSourcesBuildPhase;
			buildActionMask = 2147483647;
			files = (
				CB8F1625266DB45500158CAA /* Part2ViewController.swift in Sources */,
				CB3878B5266CC7430095213D /* ViewController.swift in Sources */,
				CB3878B1266CC7420095213D /* AppDelegate.swift in Sources */,
				CB3878B3266CC7420095213D /* SceneDelegate.swift in Sources */,
			);
			runOnlyForDeploymentPostprocessing = 0;
		};
/* End PBXSourcesBuildPhase section */

/* Begin PBXVariantGroup section */
		CB3878B6266CC7430095213D /* Main.storyboard */ = {
			isa = PBXVariantGroup;
			children = (
				CB3878B7266CC7430095213D /* Base */,
			);
			name = Main.storyboard;
			sourceTree = "<group>";
		};
		CB3878BB266CC7440095213D /* LaunchScreen.storyboard */ = {
			isa = PBXVariantGroup;
			children = (
				CB3878BC266CC7440095213D /* Base */,
			);
			name = LaunchScreen.storyboard;
			sourceTree = "<group>";
		};
/* End PBXVariantGroup section */

/* Begin XCBuildConfiguration section */
		CB3878BF266CC7440095213D /* Debug */ = {
			isa = XCBuildConfiguration;
			buildSettings = {
				ALWAYS_SEARCH_USER_PATHS = NO;
				CLANG_ANALYZER_NONNULL = YES;
				CLANG_ANALYZER_NUMBER_OBJECT_CONVERSION = YES_AGGRESSIVE;
				CLANG_CXX_LANGUAGE_STANDARD = "gnu++14";
				CLANG_CXX_LIBRARY = "libc++";
				CLANG_ENABLE_MODULES = YES;
				CLANG_ENABLE_OBJC_ARC = YES;
				CLANG_ENABLE_OBJC_WEAK = YES;
				CLANG_WARN_BLOCK_CAPTURE_AUTORELEASING = YES;
				CLANG_WARN_BOOL_CONVERSION = YES;
				CLANG_WARN_COMMA = YES;
				CLANG_WARN_CONSTANT_CONVERSION = YES;
				CLANG_WARN_DEPRECATED_OBJC_IMPLEMENTATIONS = YES;
				CLANG_WARN_DIRECT_OBJC_ISA_USAGE = YES_ERROR;
				CLANG_WARN_DOCUMENTATION_COMMENTS = YES;
				CLANG_WARN_EMPTY_BODY = YES;
				CLANG_WARN_ENUM_CONVERSION = YES;
				CLANG_WARN_INFINITE_RECURSION = YES;
				CLANG_WARN_INT_CONVERSION = YES;
				CLANG_WARN_NON_LITERAL_NULL_CONVERSION = YES;
				CLANG_WARN_OBJC_IMPLICIT_RETAIN_SELF = YES;
				CLANG_WARN_OBJC_LITERAL_CONVERSION = YES;
				CLANG_WARN_OBJC_ROOT_CLASS = YES_ERROR;
				CLANG_WARN_QUOTED_INCLUDE_IN_FRAMEWORK_HEADER = YES;
				CLANG_WARN_RANGE_LOOP_ANALYSIS = YES;
				CLANG_WARN_STRICT_PROTOTYPES = YES;
				CLANG_WARN_SUSPICIOUS_MOVE = YES;
				CLANG_WARN_UNGUARDED_AVAILABILITY = YES_AGGRESSIVE;
				CLANG_WARN_UNREACHABLE_CODE = YES;
				CLANG_WARN__DUPLICATE_METHOD_MATCH = YES;
				COPY_PHASE_STRIP = NO;
				DEBUG_INFORMATION_FORMAT = dwarf;
				ENABLE_STRICT_OBJC_MSGSEND = YES;
				ENABLE_TESTABILITY = YES;
				GCC_C_LANGUAGE_STANDARD = gnu11;
				GCC_DYNAMIC_NO_PIC = NO;
				GCC_NO_COMMON_BLOCKS = YES;
				GCC_OPTIMIZATION_LEVEL = 0;
				GCC_PREPROCESSOR_DEFINITIONS = (
					"DEBUG=1",
					"$(inherited)",
				);
				GCC_WARN_64_TO_32_BIT_CONVERSION = YES;
				GCC_WARN_ABOUT_RETURN_TYPE = YES_ERROR;
				GCC_WARN_UNDECLARED_SELECTOR = YES;
				GCC_WARN_UNINITIALIZED_AUTOS = YES_AGGRESSIVE;
				GCC_WARN_UNUSED_FUNCTION = YES;
				GCC_WARN_UNUSED_VARIABLE = YES;
				IPHONEOS_DEPLOYMENT_TARGET = 14.5;
				MTL_ENABLE_DEBUG_INFO = INCLUDE_SOURCE;
				MTL_FAST_MATH = YES;
				ONLY_ACTIVE_ARCH = YES;
				SDKROOT = iphoneos;
				SWIFT_ACTIVE_COMPILATION_CONDITIONS = DEBUG;
				SWIFT_OPTIMIZATION_LEVEL = "-Onone";
			};
			name = Debug;
		};
		CB3878C0266CC7440095213D /* Release */ = {
			isa = XCBuildConfiguration;
			buildSettings = {
				ALWAYS_SEARCH_USER_PATHS = NO;
				CLANG_ANALYZER_NONNULL = YES;
				CLANG_ANALYZER_NUMBER_OBJECT_CONVERSION = YES_AGGRESSIVE;
				CLANG_CXX_LANGUAGE_STANDARD = "gnu++14";
				CLANG_CXX_LIBRARY = "libc++";
				CLANG_ENABLE_MODULES = YES;
				CLANG_ENABLE_OBJC_ARC = YES;
				CLANG_ENABLE_OBJC_WEAK = YES;
				CLANG_WARN_BLOCK_CAPTURE_AUTORELEASING = YES;
				CLANG_WARN_BOOL_CONVERSION = YES;
				CLANG_WARN_COMMA = YES;
				CLANG_WARN_CONSTANT_CONVERSION = YES;
				CLANG_WARN_DEPRECATED_OBJC_IMPLEMENTATIONS = YES;
				CLANG_WARN_DIRECT_OBJC_ISA_USAGE = YES_ERROR;
				CLANG_WARN_DOCUMENTATION_COMMENTS = YES;
				CLANG_WARN_EMPTY_BODY = YES;
				CLANG_WARN_ENUM_CONVERSION = YES;
				CLANG_WARN_INFINITE_RECURSION = YES;
				CLANG_WARN_INT_CONVERSION = YES;
				CLANG_WARN_NON_LITERAL_NULL_CONVERSION = YES;
				CLANG_WARN_OBJC_IMPLICIT_RETAIN_SELF = YES;
				CLANG_WARN_OBJC_LITERAL_CONVERSION = YES;
				CLANG_WARN_OBJC_ROOT_CLASS = YES_ERROR;
				CLANG_WARN_QUOTED_INCLUDE_IN_FRAMEWORK_HEADER = YES;
				CLANG_WARN_RANGE_LOOP_ANALYSIS = YES;
				CLANG_WARN_STRICT_PROTOTYPES = YES;
				CLANG_WARN_SUSPICIOUS_MOVE = YES;
				CLANG_WARN_UNGUARDED_AVAILABILITY = YES_AGGRESSIVE;
				CLANG_WARN_UNREACHABLE_CODE = YES;
				CLANG_WARN__DUPLICATE_METHOD_MATCH = YES;
				COPY_PHASE_STRIP = NO;
				DEBUG_INFORMATION_FORMAT = "dwarf-with-dsym";
				ENABLE_NS_ASSERTIONS = NO;
				ENABLE_STRICT_OBJC_MSGSEND = YES;
				GCC_C_LANGUAGE_STANDARD = gnu11;
				GCC_NO_COMMON_BLOCKS = YES;
				GCC_WARN_64_TO_32_BIT_CONVERSION = YES;
				GCC_WARN_ABOUT_RETURN_TYPE = YES_ERROR;
				GCC_WARN_UNDECLARED_SELECTOR = YES;
				GCC_WARN_UNINITIALIZED_AUTOS = YES_AGGRESSIVE;
				GCC_WARN_UNUSED_FUNCTION = YES;
				GCC_WARN_UNUSED_VARIABLE = YES;
				IPHONEOS_DEPLOYMENT_TARGET = 14.5;
				MTL_ENABLE_DEBUG_INFO = NO;
				MTL_FAST_MATH = YES;
				SDKROOT = iphoneos;
				SWIFT_COMPILATION_MODE = wholemodule;
				SWIFT_OPTIMIZATION_LEVEL = "-O";
				VALIDATE_PRODUCT = YES;
			};
			name = Release;
		};
		CB3878C2266CC7440095213D /* Debug */ = {
			isa = XCBuildConfiguration;
			buildSettings = {
				ASSETCATALOG_COMPILER_APPICON_NAME = AppIcon;
				ASSETCATALOG_COMPILER_GLOBAL_ACCENT_COLOR_NAME = AccentColor;
				CODE_SIGN_STYLE = Automatic;
				INFOPLIST_FILE = Swift.BTVN8.2/Info.plist;
				LD_RUNPATH_SEARCH_PATHS = (
					"$(inherited)",
					"@executable_path/Frameworks",
				);
				PRODUCT_BUNDLE_IDENTIFIER = "swift.Swift-BTVN8-2";
				PRODUCT_NAME = "$(TARGET_NAME)";
				SWIFT_VERSION = 5.0;
				TARGETED_DEVICE_FAMILY = "1,2";
			};
			name = Debug;
		};
		CB3878C3266CC7440095213D /* Release */ = {
			isa = XCBuildConfiguration;
			buildSettings = {
				ASSETCATALOG_COMPILER_APPICON_NAME = AppIcon;
				ASSETCATALOG_COMPILER_GLOBAL_ACCENT_COLOR_NAME = AccentColor;
				CODE_SIGN_STYLE = Automatic;
				INFOPLIST_FILE = Swift.BTVN8.2/Info.plist;
				LD_RUNPATH_SEARCH_PATHS = (
					"$(inherited)",
					"@executable_path/Frameworks",
				);
				PRODUCT_BUNDLE_IDENTIFIER = "swift.Swift-BTVN8-2";
				PRODUCT_NAME = "$(TARGET_NAME)";
				SWIFT_VERSION = 5.0;
				TARGETED_DEVICE_FAMILY = "1,2";
			};
			name = Release;
		};
/* End XCBuildConfiguration section */

/* Begin XCConfigurationList section */
		CB3878A8266CC7420095213D /* Build configuration list for PBXProject "Swift.BTVN8.2" */ = {
			isa = XCConfigurationList;
			buildConfigurations = (
				CB3878BF266CC7440095213D /* Debug */,
				CB3878C0266CC7440095213D /* Release */,
			);
			defaultConfigurationIsVisible = 0;
			defaultConfigurationName = Release;
		};
		CB3878C1266CC7440095213D /* Build configuration list for PBXNativeTarget "Swift.BTVN8.2" */ = {
			isa = XCConfigurationList;
			buildConfigurations = (
				CB3878C2266CC7440095213D /* Debug */,
				CB3878C3266CC7440095213D /* Release */,
			);
			defaultConfigurationIsVisible = 0;
			defaultConfigurationName = Release;
		};
/* End XCConfigurationList section */
	};
	rootObject = CB3878A5266CC7420095213D /* Project object */;
}
